
Microsoft Visual Studio Solution File, Format Version 12.00
# Visual Studio Version 16
VisualStudioVersion = 16.0.32510.428
MinimumVisualStudioVersion = 10.0.40219.1
Project("{9A19103F-16F7-4668-BE54-9A1E7A4F7556}") = "BLogAPI", "BLogAPI\BLogAPI.csproj", "{DF4C2172-1967-452B-8DC1-6BCBCEF12531}"
EndProject
Project("{9A19103F-16F7-4668-BE54-9A1E7A4F7556}") = "Entity", "EntityLayer\Entity.csproj", "{0CCD2AA1-FDE5-4BF9-88D4-2A415DDDD32B}"
EndProject
Project("{9A19103F-16F7-4668-BE54-9A1E7A4F7556}") = "DataAccess", "DataAccess\DataAccess.csproj", "{3D173FDA-E3BF-4AD7-A2C0-E386958A2FBA}"
EndProject
Project("{9A19103F-16F7-4668-BE54-9A1E7A4F7556}") = "Business", "Business\Business.csproj", "{6D796A21-A9F6-4906-AE55-2BCE4EB3AB71}"
EndProject
Project("{9A19103F-16F7-4668-BE54-9A1E7A4F7556}") = "Core", "Core\Core.csproj", "{257AEC65-E0DA-4E96-B034-0FA0902CE6F0}"
EndProject
Global
	GlobalSection(SolutionConfigurationPlatforms) = preSolution
		Debug|Any CPU = Debug|Any CPU
		Release|Any CPU = Release|Any CPU
	EndGlobalSection
	GlobalSection(ProjectConfigurationPlatforms) = postSolution
		{DF4C2172-1967-452B-8DC1-6BCBCEF12531}.Debug|Any CPU.ActiveCfg = Debug|Any CPU
		{DF4C2172-1967-452B-8DC1-6BCBCEF12531}.Debug|Any CPU.Build.0 = Debug|Any CPU
		{DF4C2172-1967-452B-8DC1-6BCBCEF12531}.Release|Any CPU.ActiveCfg = Release|Any CPU
		{DF4C2172-1967-452B-8DC1-6BCBCEF12531}.Release|Any CPU.Build.0 = Release|Any CPU
		{0CCD2AA1-FDE5-4BF9-88D4-2A415DDDD32B}.Debug|Any CPU.ActiveCfg = Debug|Any CPU
		{0CCD2AA1-FDE5-4BF9-88D4-2A415DDDD32B}.Debug|Any CPU.Build.0 = Debug|Any CPU
		{0CCD2AA1-FDE5-4BF9-88D4-2A415DDDD32B}.Release|Any CPU.ActiveCfg = Release|Any CPU
		{0CCD2AA1-FDE5-4BF9-88D4-2A415DDDD32B}.Release|Any CPU.Build.0 = Release|Any CPU
		{3D173FDA-E3BF-4AD7-A2C0-E386958A2FBA}.Debug|Any CPU.ActiveCfg = Debug|Any CPU
		{3D173FDA-E3BF-4AD7-A2C0-E386958A2FBA}.Debug|Any CPU.Build.0 = Debug|Any CPU
		{3D173FDA-E3BF-4AD7-A2C0-E386958A2FBA}.Release|Any CPU.ActiveCfg = Release|Any CPU
		{3D173FDA-E3BF-4AD7-A2C0-E386958A2FBA}.Release|Any CPU.Build.0 = Release|Any CPU
		{6D796A21-A9F6-4906-AE55-2BCE4EB3AB71}.Debug|Any CPU.ActiveCfg = Debug|Any CPU
		{6D796A21-A9F6-4906-AE55-2BCE4EB3AB71}.Debug|Any CPU.Build.0 = Debug|Any CPU
		{6D796A21-A9F6-4906-AE55-2BCE4EB3AB71}.Release|Any CPU.ActiveCfg = Release|Any CPU
		{6D796A21-A9F6-4906-AE55-2BCE4EB3AB71}.Release|Any CPU.Build.0 = Release|Any CPU
		{257AEC65-E0DA-4E96-B034-0FA0902CE6F0}.Debug|Any CPU.ActiveCfg = Debug|Any CPU
		{257AEC65-E0DA-4E96-B034-0FA0902CE6F0}.Debug|Any CPU.Build.0 = Debug|Any CPU
		{257AEC65-E0DA-4E96-B034-0FA0902CE6F0}.Release|Any CPU.ActiveCfg = Release|Any CPU
		{257AEC65-E0DA-4E96-B034-0FA0902CE6F0}.Release|Any CPU.Build.0 = Release|Any CPU
	EndGlobalSection
	GlobalSection(SolutionProperties) = preSolution
		HideSolutionNode = FALSE
	EndGlobalSection
	GlobalSection(ExtensibilityGlobals) = postSolution
		SolutionGuid = {83EBE4E9-A52D-4537-8370-0C54A688E426}
	EndGlobalSection
EndGlobal
